Microsoft Visual Studio Solution File, Format Version 12.00
# Visual Studio Version 17
VisualStudioVersion = 17.5.2.0
MinimumVisualStudioVersion = 10.0.40219.1
Project("{FAE04EC0-301F-11D3-BF4B-00C04F79EFBC}") = "atividade-biblioteca-a11-rdi", "atividade-biblioteca-a11-rdi.csproj", "{69BCD9B0-6DA2-CA9A-E906-32CF506BE74E}"
EndProject
Global
	GlobalSection(SolutionConfigurationPlatforms) = preSolution
		Debug|Any CPU = Debug|Any CPU
		Release|Any CPU = Release|Any CPU
	EndGlobalSection
	GlobalSection(ProjectConfigurationPlatforms) = postSolution
		{69BCD9B0-6DA2-CA9A-E906-32CF506BE74E}.Debug|Any CPU.ActiveCfg = Debug|Any CPU
		{69BCD9B0-6DA2-CA9A-E906-32CF506BE74E}.Debug|Any CPU.Build.0 = Debug|Any CPU
		{69BCD9B0-6DA2-CA9A-E906-32CF506BE74E}.Release|Any CPU.ActiveCfg = Release|Any CPU
		{69BCD9B0-6DA2-CA9A-E906-32CF506BE74E}.Release|Any CPU.Build.0 = Release|Any CPU
	EndGlobalSection
	GlobalSection(SolutionProperties) = preSolution
		HideSolutionNode = FALSE
	EndGlobalSection
	GlobalSection(ExtensibilityGlobals) = postSolution
		SolutionGuid = {3459CF97-EC71-4D0C-9D73-7DC240244553}
	EndGlobalSection
EndGlobal
